
Microsoft Visual Studio Solution File, Format Version 12.00
# Visual Studio Version 16
VisualStudioVersion = 25.0.1706.1
MinimumVisualStudioVersion = 10.0.40219.1
Project("{FAE04EC0-301F-11D3-BF4B-00C04F79EFBC}") = "Primitives", "Primitives.csproj", "{9BF423AD-9930-4F19-9B46-1C2DD8337683}"
EndProject
Project("{FAE04EC0-301F-11D3-BF4B-00C04F79EFBC}") = "MinMaxValue", "..\MinMaxValue\MinMaxValue.csproj", "{752293E9-986D-4900-86CB-4729F86D342B}"
EndProject
Project("{FAE04EC0-301F-11D3-BF4B-00C04F79EFBC}") = "TypeConversion", "..\TypeConversion\TypeConversion.csproj", "{85A28B78-97F4-43AD-A83B-0747A0EE282E}"
EndProject
Project("{FAE04EC0-301F-11D3-BF4B-00C04F79EFBC}") = "Operators", "..\Operators\Operators.csproj", "{CA50E662-9403-492A-BDD2-9A7A705A4D6E}"
EndProject
Project("{FAE04EC0-301F-11D3-BF4B-00C04F79EFBC}") = "OperatorsDemo", "..\OperatorsDemo\OperatorsDemo.csproj", "{EC7EBAC5-1CB7-4265-B6BA-C99E5902A489}"
EndProject
Global
	GlobalSection(SolutionConfigurationPlatforms) = preSolution
		Debug|Any CPU = Debug|Any CPU
		Release|Any CPU = Release|Any CPU
	EndGlobalSection
	GlobalSection(ProjectConfigurationPlatforms) = postSolution
		{9BF423AD-9930-4F19-9B46-1C2DD8337683}.Debug|Any CPU.ActiveCfg = Debug|Any CPU
		{9BF423AD-9930-4F19-9B46-1C2DD8337683}.Debug|Any CPU.Build.0 = Debug|Any CPU
		{9BF423AD-9930-4F19-9B46-1C2DD8337683}.Release|Any CPU.ActiveCfg = Release|Any CPU
		{9BF423AD-9930-4F19-9B46-1C2DD8337683}.Release|Any CPU.Build.0 = Release|Any CPU
		{752293E9-986D-4900-86CB-4729F86D342B}.Debug|Any CPU.ActiveCfg = Debug|Any CPU
		{752293E9-986D-4900-86CB-4729F86D342B}.Debug|Any CPU.Build.0 = Debug|Any CPU
		{752293E9-986D-4900-86CB-4729F86D342B}.Release|Any CPU.ActiveCfg = Release|Any CPU
		{752293E9-986D-4900-86CB-4729F86D342B}.Release|Any CPU.Build.0 = Release|Any CPU
		{85A28B78-97F4-43AD-A83B-0747A0EE282E}.Debug|Any CPU.ActiveCfg = Debug|Any CPU
		{85A28B78-97F4-43AD-A83B-0747A0EE282E}.Debug|Any CPU.Build.0 = Debug|Any CPU
		{85A28B78-97F4-43AD-A83B-0747A0EE282E}.Release|Any CPU.ActiveCfg = Release|Any CPU
		{85A28B78-97F4-43AD-A83B-0747A0EE282E}.Release|Any CPU.Build.0 = Release|Any CPU
		{CA50E662-9403-492A-BDD2-9A7A705A4D6E}.Debug|Any CPU.ActiveCfg = Debug|Any CPU
		{CA50E662-9403-492A-BDD2-9A7A705A4D6E}.Debug|Any CPU.Build.0 = Debug|Any CPU
		{CA50E662-9403-492A-BDD2-9A7A705A4D6E}.Release|Any CPU.ActiveCfg = Release|Any CPU
		{CA50E662-9403-492A-BDD2-9A7A705A4D6E}.Release|Any CPU.Build.0 = Release|Any CPU
		{EC7EBAC5-1CB7-4265-B6BA-C99E5902A489}.Debug|Any CPU.ActiveCfg = Debug|Any CPU
		{EC7EBAC5-1CB7-4265-B6BA-C99E5902A489}.Debug|Any CPU.Build.0 = Debug|Any CPU
		{EC7EBAC5-1CB7-4265-B6BA-C99E5902A489}.Release|Any CPU.ActiveCfg = Release|Any CPU
		{EC7EBAC5-1CB7-4265-B6BA-C99E5902A489}.Release|Any CPU.Build.0 = Release|Any CPU
	EndGlobalSection
	GlobalSection(SolutionProperties) = preSolution
		HideSolutionNode = FALSE
	EndGlobalSection
	GlobalSection(ExtensibilityGlobals) = postSolution
		SolutionGuid = {3925D995-BB15-4699-9D03-6AAB661ECC75}
	EndGlobalSection
EndGlobal
