
Microsoft Visual Studio Solution File, Format Version 12.00
# Visual Studio Version 16
VisualStudioVersion = 25.0.1706.1
MinimumVisualStudioVersion = 10.0.40219.1
Project("{FAE04EC0-301F-11D3-BF4B-00C04F79EFBC}") = "NonPrimitiveProject", "NonPrimitiveProject.csproj", "{9A9183DC-9E0F-4D77-AD29-F18CD66C7ED9}"
EndProject
Global
	GlobalSection(SolutionConfigurationPlatforms) = preSolution
		Debug|Any CPU = Debug|Any CPU
		Release|Any CPU = Release|Any CPU
	EndGlobalSection
	GlobalSection(ProjectConfigurationPlatforms) = postSolution
		{9A9183DC-9E0F-4D77-AD29-F18CD66C7ED9}.Debug|Any CPU.ActiveCfg = Debug|Any CPU
		{9A9183DC-9E0F-4D77-AD29-F18CD66C7ED9}.Debug|Any CPU.Build.0 = Debug|Any CPU
		{9A9183DC-9E0F-4D77-AD29-F18CD66C7ED9}.Release|Any CPU.ActiveCfg = Release|Any CPU
		{9A9183DC-9E0F-4D77-AD29-F18CD66C7ED9}.Release|Any CPU.Build.0 = Release|Any CPU
	EndGlobalSection
	GlobalSection(SolutionProperties) = preSolution
		HideSolutionNode = FALSE
	EndGlobalSection
	GlobalSection(ExtensibilityGlobals) = postSolution
		SolutionGuid = {944E2405-714F-41AF-A7AE-17483C6AF490}
	EndGlobalSection
	GlobalSection(MonoDevelopProperties) = preSolution
		outputpath = ../../Github/c-_snippets/C_Mosh/1
	EndGlobalSection
EndGlobal
